version = 1
revision = 3
requires-python = ">=3.12"

[[package]]
name = "nimic"
version = "0.0.5"
source = { registry = "https://pypi.org/simple" }
sdist = { url = "https://files.pythonhosted.org/packages/42/d1/f288fa2be196ffb98db347d6090ca96532983dd1397c7beb4d69e443ef02/nimic-0.0.5.tar.gz", hash = "sha256:cf049b2db5da985193efb04d1df5adaae706cfc375f473269f18713586af0f96", size = 99175, upload-time = "2026-05-09T10:35:04.402Z" }
wheels = [
    { url = "https://files.pythonhosted.org/packages/a4/86/b6df7e6a2f9385b97f9730dae83b72f389c9bab3882945ab589a5e2c7493/nimic-0.0.5-py3-none-any.whl", hash = "sha256:e4e1c1c004d9c7aa20a731556928b1177bd82eee57c62139da268f884e0b8849", size = 112863, upload-time = "2026-05-09T10:35:03.334Z" },
]

[[package]]
name = "nraytracer"
version = "0.1.0"
source = { editable = "." }
dependencies = [
    { name = "nimic" },
]

[package.metadata]
requires-dist = [{ name = "nimic", specifier = ">=0.0.5" }]
